<?xml version="1.0" encoding="utf-8"?>
<Project ToolsVersion="4.0" xmlns="http://schemas.microsoft.com/developer/msbuild/2003">
  <ItemGroup>
    <Filter Include="Engine">
      <UniqueIdentifier>{3604fba8-4584-461a-aa63-307a7679f304}</UniqueIdentifier>
    </Filter>
    <Filter Include="OpenGL">
      <UniqueIdentifier>{9038a088-c195-467f-aefb-e8c008cee359}</UniqueIdentifier>
    </Filter>
    <Filter Include="Engine\Core">
      <UniqueIdentifier>{d45be239-a483-48fc-a5d3-bcf60dbbd521}</UniqueIdentifier>
    </Filter>
    <Filter Include="Engine\Types">
      <UniqueIdentifier>{6e73f82e-2399-4ab8-aa43-56367e0a7b04}</UniqueIdentifier>
    </Filter>
  </ItemGroup>
  <ItemGroup>
    <ClCompile Include="Program.cpp" />
    <ClCompile Include="engine\core\engine.cpp" />
    <ClCompile Include="engine\types\point2d.cpp" />
    <ClCompile Include="engine\types\point3d.cpp" />
    <ClCompile Include="engine\types\dimension2d.cpp" />
    <ClCompile Include="engine\types\dimension3d.cpp" />
    <ClCompile Include="engine\core\scene.cpp" />
    <ClCompile Include="engine\core\object3d.cpp" />
    <ClCompile Include="opengl\glig.cpp">
      <Filter>OpenGL</Filter>
    </ClCompile>
    <ClCompile Include="engine\core\scene_object.cpp" />
    <ClCompile Include="engine\utils\logger.cpp" />
    <ClCompile Include="engine\io\controller.cpp" />
    <ClCompile Include="game_scene.cpp" />
    <ClCompile Include="mallet_object.cpp" />
    <ClCompile Include="engine\core\mesh.cpp" />
    <ClCompile Include="engine\types\face3p.cpp" />
    <ClCompile Include="engine\types\vector3d.cpp" />
    <ClCompile Include="puck_object.cpp" />
    <ClCompile Include="table_object.cpp" />
    <ClCompile Include="engine\core\camera.cpp" />
    <ClCompile Include="engine\core\material.cpp" />
    <ClCompile Include="engine\materials\color_material.cpp" />
    <ClCompile Include="engine\io\tga_image.cpp" />
    <ClCompile Include="engine\materials\tga_material.cpp" />
    <ClCompile Include="engine\utils\obj_loader.cpp" />
    <ClCompile Include="engine\types\vector2d.cpp" />
    <ClCompile Include="table_item.cpp" />
  </ItemGroup>
  <ItemGroup>
    <ClInclude Include="opengl\glig.h">
      <Filter>OpenGL</Filter>
    </ClInclude>
    <ClInclude Include="Program.h" />
    <ClInclude Include="engine\core\engine.h" />
    <ClInclude Include="engine\types\point2d.h" />
    <ClInclude Include="engine\types\point3d.h" />
    <ClInclude Include="engine\types\dimension2d.h" />
    <ClInclude Include="engine\types\dimension3d.h" />
    <ClInclude Include="engine\engine.h" />
    <ClInclude Include="engine\core\scene.h" />
    <ClInclude Include="engine\core\object3d.h" />
    <ClInclude Include="engine\core\scene_object.h" />
    <ClInclude Include="engine\utils\Singleton.h" />
    <ClInclude Include="engine\utils\logger.h" />
    <ClInclude Include="engine\io\controller.h" />
    <ClInclude Include="game_scene.h" />
    <ClInclude Include="mallet_object.h" />
    <ClInclude Include="engine\core\mesh.h" />
    <ClInclude Include="engine\types\face3p.h" />
    <ClInclude Include="engine\types\vector3d.h" />
    <ClInclude Include="puck_object.h" />
    <ClInclude Include="table_object.h" />
    <ClInclude Include="engine\core\camera.h" />
    <ClInclude Include="engine\core\material.h" />
    <ClInclude Include="engine\materials\color_material.h" />
    <ClInclude Include="engine\io\tga_image.h" />
    <ClInclude Include="engine\materials\tga_material.h" />
    <ClInclude Include="engine\utils\obj_loader.h" />
    <ClInclude Include="engine\types\vector2d.h" />
    <ClInclude Include="table_item.h" />
  </ItemGroup>
  <ItemGroup>
    <None Include="packages.config" />
  </ItemGroup>
  <ItemGroup>
    <Image Include="table.tga" />
  </ItemGroup>
</Project>